
Microsoft Visual Studio Solution File, Format Version 12.00
# Visual Studio Version 16
VisualStudioVersion = 16.0.28803.352
MinimumVisualStudioVersion = 10.0.40219.1
Project("{8BC9CEB8-8B4A-11D0-8D11-00A0C91BC942}") = "algtop", "algtop\algtop.vcxproj", "{D022576C-DA1F-4F12-91DA-CEA9AEA8EE0F}"
EndProject
Project("{8BC9CEB8-8B4A-11D0-8D11-00A0C91BC942}") = "UnitTestAlgTop", "UnitTestAlgTop\UnitTestAlgTop.vcxproj", "{2B531CA9-E5B1-4684-9923-CB228EA78FE2}"
EndProject
Project("{8BC9CEB8-8B4A-11D0-8D11-00A0C91BC942}") = "Tmp", "Tmp\Tmp.vcxproj", "{C6CDC341-2997-419B-AC7D-36327D3B7041}"
EndProject
Project("{8BC9CEB8-8B4A-11D0-8D11-00A0C91BC942}") = "E4t", "E4t\E4t.vcxproj", "{89AF3E3E-C0F8-4636-BE41-735F8C3E3A99}"
EndProject
Global
	GlobalSection(SolutionConfigurationPlatforms) = preSolution
		Debug|x64 = Debug|x64
		Debug|x86 = Debug|x86
		Release|x64 = Release|x64
		Release|x86 = Release|x86
	EndGlobalSection
	GlobalSection(ProjectConfigurationPlatforms) = postSolution
		{D022576C-DA1F-4F12-91DA-CEA9AEA8EE0F}.Debug|x64.ActiveCfg = Debug|x64
		{D022576C-DA1F-4F12-91DA-CEA9AEA8EE0F}.Debug|x64.Build.0 = Debug|x64
		{D022576C-DA1F-4F12-91DA-CEA9AEA8EE0F}.Debug|x86.ActiveCfg = Debug|Win32
		{D022576C-DA1F-4F12-91DA-CEA9AEA8EE0F}.Debug|x86.Build.0 = Debug|Win32
		{D022576C-DA1F-4F12-91DA-CEA9AEA8EE0F}.Release|x64.ActiveCfg = Release|x64
		{D022576C-DA1F-4F12-91DA-CEA9AEA8EE0F}.Release|x64.Build.0 = Release|x64
		{D022576C-DA1F-4F12-91DA-CEA9AEA8EE0F}.Release|x86.ActiveCfg = Release|Win32
		{D022576C-DA1F-4F12-91DA-CEA9AEA8EE0F}.Release|x86.Build.0 = Release|Win32
		{2B531CA9-E5B1-4684-9923-CB228EA78FE2}.Debug|x64.ActiveCfg = Debug|x64
		{2B531CA9-E5B1-4684-9923-CB228EA78FE2}.Debug|x64.Build.0 = Debug|x64
		{2B531CA9-E5B1-4684-9923-CB228EA78FE2}.Debug|x86.ActiveCfg = Debug|Win32
		{2B531CA9-E5B1-4684-9923-CB228EA78FE2}.Debug|x86.Build.0 = Debug|Win32
		{2B531CA9-E5B1-4684-9923-CB228EA78FE2}.Release|x64.ActiveCfg = Release|x64
		{2B531CA9-E5B1-4684-9923-CB228EA78FE2}.Release|x64.Build.0 = Release|x64
		{2B531CA9-E5B1-4684-9923-CB228EA78FE2}.Release|x86.ActiveCfg = Release|Win32
		{2B531CA9-E5B1-4684-9923-CB228EA78FE2}.Release|x86.Build.0 = Release|Win32
		{C6CDC341-2997-419B-AC7D-36327D3B7041}.Debug|x64.ActiveCfg = Debug|x64
		{C6CDC341-2997-419B-AC7D-36327D3B7041}.Debug|x64.Build.0 = Debug|x64
		{C6CDC341-2997-419B-AC7D-36327D3B7041}.Debug|x86.ActiveCfg = Debug|Win32
		{C6CDC341-2997-419B-AC7D-36327D3B7041}.Debug|x86.Build.0 = Debug|Win32
		{C6CDC341-2997-419B-AC7D-36327D3B7041}.Release|x64.ActiveCfg = Release|x64
		{C6CDC341-2997-419B-AC7D-36327D3B7041}.Release|x64.Build.0 = Release|x64
		{C6CDC341-2997-419B-AC7D-36327D3B7041}.Release|x86.ActiveCfg = Release|Win32
		{C6CDC341-2997-419B-AC7D-36327D3B7041}.Release|x86.Build.0 = Release|Win32
		{89AF3E3E-C0F8-4636-BE41-735F8C3E3A99}.Debug|x64.ActiveCfg = Debug|x64
		{89AF3E3E-C0F8-4636-BE41-735F8C3E3A99}.Debug|x64.Build.0 = Debug|x64
		{89AF3E3E-C0F8-4636-BE41-735F8C3E3A99}.Debug|x86.ActiveCfg = Debug|Win32
		{89AF3E3E-C0F8-4636-BE41-735F8C3E3A99}.Debug|x86.Build.0 = Debug|Win32
		{89AF3E3E-C0F8-4636-BE41-735F8C3E3A99}.Release|x64.ActiveCfg = Release|x64
		{89AF3E3E-C0F8-4636-BE41-735F8C3E3A99}.Release|x64.Build.0 = Release|x64
		{89AF3E3E-C0F8-4636-BE41-735F8C3E3A99}.Release|x86.ActiveCfg = Release|Win32
		{89AF3E3E-C0F8-4636-BE41-735F8C3E3A99}.Release|x86.Build.0 = Release|Win32
	EndGlobalSection
	GlobalSection(SolutionProperties) = preSolution
		HideSolutionNode = FALSE
	EndGlobalSection
	GlobalSection(ExtensibilityGlobals) = postSolution
		SolutionGuid = {F8106E15-E9E1-4020-BA0B-B863E4B6D1CB}
	EndGlobalSection
EndGlobal
